
Microsoft Visual Studio Solution File, Format Version 12.00
# Visual Studio 15
VisualStudioVersion = 15.0.28307.852
MinimumVisualStudioVersion = 10.0.40219.1
Project("{FAE04EC0-301F-11D3-BF4B-00C04F79EFBC}") = "Kafka.Producer.ConsoleApp", "Kafka.Producer.ConsoleApp\Kafka.Producer.ConsoleApp.csproj", "{40F3DEDE-2BED-4116-8855-52438A23A74F}"
EndProject
Global
	GlobalSection(SolutionConfigurationPlatforms) = preSolution
		Debug|Any CPU = Debug|Any CPU
		Release|Any CPU = Release|Any CPU
	EndGlobalSection
	GlobalSection(ProjectConfigurationPlatforms) = postSolution
		{40F3DEDE-2BED-4116-8855-52438A23A74F}.Debug|Any CPU.ActiveCfg = Debug|Any CPU
		{40F3DEDE-2BED-4116-8855-52438A23A74F}.Debug|Any CPU.Build.0 = Debug|Any CPU
		{40F3DEDE-2BED-4116-8855-52438A23A74F}.Release|Any CPU.ActiveCfg = Release|Any CPU
		{40F3DEDE-2BED-4116-8855-52438A23A74F}.Release|Any CPU.Build.0 = Release|Any CPU
	EndGlobalSection
	GlobalSection(SolutionProperties) = preSolution
		HideSolutionNode = FALSE
	EndGlobalSection
	GlobalSection(ExtensibilityGlobals) = postSolution
		SolutionGuid = {3686856D-77A6-40C5-9952-AE04C6C93682}
	EndGlobalSection
EndGlobal
